// !$*UTF8*$!
{
	archiveVersion = 1;
	classes = {
	};
	objectVersion = 55;
	objects = {

/* Begin PBXBuildFile section */
		11ADBF572B668A2400D1A2AB /* AppDelegate.swift in Sources */ = {isa = PBXBuildFile; fileRef = 11ADBF562B668A2400D1A2AB /* AppDelegate.swift */; };
		11ADBF592B668A2400D1A2AB /* SceneDelegate.swift in Sources */ = {isa = PBXBuildFile; fileRef = 11ADBF582B668A2400D1A2AB /* SceneDelegate.swift */; };
		11ADBF5B2B668A2400D1A2AB /* ListNotesViewController.swift in Sources */ = {isa = PBXBuildFile; fileRef = 11ADBF5A2B668A2400D1A2AB /* ListNotesViewController.swift */; };
		11ADBF5E2B668A2400D1A2AB /* Main.storyboard in Resources */ = {isa = PBXBuildFile; fileRef = 11ADBF5C2B668A2400D1A2AB /* Main.storyboard */; };
		11ADBF602B668A2700D1A2AB /* Assets.xcassets in Resources */ = {isa = PBXBuildFile; fileRef = 11ADBF5F2B668A2700D1A2AB /* Assets.xcassets */; };
		11ADBF632B668A2700D1A2AB /* LaunchScreen.storyboard in Resources */ = {isa = PBXBuildFile; fileRef = 11ADBF612B668A2700D1A2AB /* LaunchScreen.storyboard */; };
		11ADBF6C2B668B2300D1A2AB /* ListNotesView.swift in Sources */ = {isa = PBXBuildFile; fileRef = 11ADBF6B2B668B2300D1A2AB /* ListNotesView.swift */; };
		11ADBF702B66903C00D1A2AB /* NoteModel.swift in Sources */ = {isa = PBXBuildFile; fileRef = 11ADBF6F2B66903C00D1A2AB /* NoteModel.swift */; };
		11ADBF722B66907A00D1A2AB /* ModelStorage.swift in Sources */ = {isa = PBXBuildFile; fileRef = 11ADBF712B66907A00D1A2AB /* ModelStorage.swift */; };
		11ADBF752B6696F300D1A2AB /* ListNotesPresenter.swift in Sources */ = {isa = PBXBuildFile; fileRef = 11ADBF742B6696F300D1A2AB /* ListNotesPresenter.swift */; };
/* End PBXBuildFile section */

/* Begin PBXFileReference section */
		11ADBF532B668A2400D1A2AB /* Shift_trainee.app */ = {isa = PBXFileReference; explicitFileType = wrapper.application; includeInIndex = 0; path = Shift_trainee.app; sourceTree = BUILT_PRODUCTS_DIR; };
		11ADBF562B668A2400D1A2AB /* AppDelegate.swift */ = {isa = PBXFileReference; lastKnownFileType = sourcecode.swift; path = AppDelegate.swift; sourceTree = "<group>"; };
		11ADBF582B668A2400D1A2AB /* SceneDelegate.swift */ = {isa = PBXFileReference; lastKnownFileType = sourcecode.swift; path = SceneDelegate.swift; sourceTree = "<group>"; };
		11ADBF5A2B668A2400D1A2AB /* ListNotesViewController.swift */ = {isa = PBXFileReference; lastKnownFileType = sourcecode.swift; path = ListNotesViewController.swift; sourceTree = "<group>"; };
		11ADBF5D2B668A2400D1A2AB /* Base */ = {isa = PBXFileReference; lastKnownFileType = file.storyboard; name = Base; path = Base.lproj/Main.storyboard; sourceTree = "<group>"; };
		11ADBF5F2B668A2700D1A2AB /* Assets.xcassets */ = {isa = PBXFileReference; lastKnownFileType = folder.assetcatalog; path = Assets.xcassets; sourceTree = "<group>"; };
		11ADBF622B668A2700D1A2AB /* Base */ = {isa = PBXFileReference; lastKnownFileType = file.storyboard; name = Base; path = Base.lproj/LaunchScreen.storyboard; sourceTree = "<group>"; };
		11ADBF642B668A2700D1A2AB /* Info.plist */ = {isa = PBXFileReference; lastKnownFileType = text.plist.xml; path = Info.plist; sourceTree = "<group>"; };
		11ADBF6B2B668B2300D1A2AB /* ListNotesView.swift */ = {isa = PBXFileReference; lastKnownFileType = sourcecode.swift; path = ListNotesView.swift; sourceTree = "<group>"; };
		11ADBF6F2B66903C00D1A2AB /* NoteModel.swift */ = {isa = PBXFileReference; lastKnownFileType = sourcecode.swift; path = NoteModel.swift; sourceTree = "<group>"; };
		11ADBF712B66907A00D1A2AB /* ModelStorage.swift */ = {isa = PBXFileReference; lastKnownFileType = sourcecode.swift; path = ModelStorage.swift; sourceTree = "<group>"; };
		11ADBF742B6696F300D1A2AB /* ListNotesPresenter.swift */ = {isa = PBXFileReference; lastKnownFileType = sourcecode.swift; path = ListNotesPresenter.swift; sourceTree = "<group>"; };
/* End PBXFileReference section */

/* Begin PBXFrameworksBuildPhase section */
		11ADBF502B668A2400D1A2AB /* Frameworks */ = {
			isa = PBXFrameworksBuildPhase;
			buildActionMask = 2147483647;
			files = (
			);
			runOnlyForDeploymentPostprocessing = 0;
		};
/* End PBXFrameworksBuildPhase section */

/* Begin PBXGroup section */
		11ADBF4A2B668A2400D1A2AB = {
			isa = PBXGroup;
			children = (
				11ADBF552B668A2400D1A2AB /* Shift_trainee */,
				11ADBF542B668A2400D1A2AB /* Products */,
			);
			sourceTree = "<group>";
		};
		11ADBF542B668A2400D1A2AB /* Products */ = {
			isa = PBXGroup;
			children = (
				11ADBF532B668A2400D1A2AB /* Shift_trainee.app */,
			);
			name = Products;
			sourceTree = "<group>";
		};
		11ADBF552B668A2400D1A2AB /* Shift_trainee */ = {
			isa = PBXGroup;
			children = (
				11ADBF6A2B668AE100D1A2AB /* Main */,
				11ADBF562B668A2400D1A2AB /* AppDelegate.swift */,
				11ADBF582B668A2400D1A2AB /* SceneDelegate.swift */,
				11ADBF5C2B668A2400D1A2AB /* Main.storyboard */,
				11ADBF5F2B668A2700D1A2AB /* Assets.xcassets */,
				11ADBF612B668A2700D1A2AB /* LaunchScreen.storyboard */,
				11ADBF642B668A2700D1A2AB /* Info.plist */,
			);
			path = Shift_trainee;
			sourceTree = "<group>";
		};
		11ADBF6A2B668AE100D1A2AB /* Main */ = {
			isa = PBXGroup;
			children = (
				11ADBF6D2B668FC400D1A2AB /* View */,
				11ADBF732B6696DB00D1A2AB /* Presenter */,
				11ADBF6E2B66901C00D1A2AB /* Model */,
			);
			path = Main;
			sourceTree = "<group>";
		};
		11ADBF6D2B668FC400D1A2AB /* View */ = {
			isa = PBXGroup;
			children = (
				11ADBF6B2B668B2300D1A2AB /* ListNotesView.swift */,
				11ADBF5A2B668A2400D1A2AB /* ListNotesViewController.swift */,
			);
			path = View;
			sourceTree = "<group>";
		};
		11ADBF6E2B66901C00D1A2AB /* Model */ = {
			isa = PBXGroup;
			children = (
				11ADBF6F2B66903C00D1A2AB /* NoteModel.swift */,
				11ADBF712B66907A00D1A2AB /* ModelStorage.swift */,
			);
			path = Model;
			sourceTree = "<group>";
		};
		11ADBF732B6696DB00D1A2AB /* Presenter */ = {
			isa = PBXGroup;
			children = (
				11ADBF742B6696F300D1A2AB /* ListNotesPresenter.swift */,
			);
			path = Presenter;
			sourceTree = "<group>";
		};
/* End PBXGroup section */

/* Begin PBXNativeTarget section */
		11ADBF522B668A2400D1A2AB /* Shift_trainee */ = {
			isa = PBXNativeTarget;
			buildConfigurationList = 11ADBF672B668A2700D1A2AB /* Build configuration list for PBXNativeTarget "Shift_trainee" */;
			buildPhases = (
				11ADBF4F2B668A2400D1A2AB /* Sources */,
				11ADBF502B668A2400D1A2AB /* Frameworks */,
				11ADBF512B668A2400D1A2AB /* Resources */,
			);
			buildRules = (
			);
			dependencies = (
			);
			name = Shift_trainee;
			productName = Shift_trainee;
			productReference = 11ADBF532B668A2400D1A2AB /* Shift_trainee.app */;
			productType = "com.apple.product-type.application";
		};
/* End PBXNativeTarget section */

/* Begin PBXProject section */
		11ADBF4B2B668A2400D1A2AB /* Project object */ = {
			isa = PBXProject;
			attributes = {
				BuildIndependentTargetsInParallel = 1;
				LastSwiftUpdateCheck = 1320;
				LastUpgradeCheck = 1320;
				TargetAttributes = {
					11ADBF522B668A2400D1A2AB = {
						CreatedOnToolsVersion = 13.2.1;
					};
				};
			};
			buildConfigurationList = 11ADBF4E2B668A2400D1A2AB /* Build configuration list for PBXProject "Shift_trainee" */;
			compatibilityVersion = "Xcode 13.0";
			developmentRegion = en;
			hasScannedForEncodings = 0;
			knownRegions = (
				en,
				Base,
			);
			mainGroup = 11ADBF4A2B668A2400D1A2AB;
			productRefGroup = 11ADBF542B668A2400D1A2AB /* Products */;
			projectDirPath = "";
			projectRoot = "";
			targets = (
				11ADBF522B668A2400D1A2AB /* Shift_trainee */,
			);
		};
/* End PBXProject section */

/* Begin PBXResourcesBuildPhase section */
		11ADBF512B668A2400D1A2AB /* Resources */ = {
			isa = PBXResourcesBuildPhase;
			buildActionMask = 2147483647;
			files = (
				11ADBF632B668A2700D1A2AB /* LaunchScreen.storyboard in Resources */,
				11ADBF602B668A2700D1A2AB /* Assets.xcassets in Resources */,
				11ADBF5E2B668A2400D1A2AB /* Main.storyboard in Resources */,
			);
			runOnlyForDeploymentPostprocessing = 0;
		};
/* End PBXResourcesBuildPhase section */

/* Begin PBXSourcesBuildPhase section */
		11ADBF4F2B668A2400D1A2AB /* Sources */ = {
			isa = PBXSourcesBuildPhase;
			buildActionMask = 2147483647;
			files = (
				11ADBF702B66903C00D1A2AB /* NoteModel.swift in Sources */,
				11ADBF5B2B668A2400D1A2AB /* ListNotesViewController.swift in Sources */,
				11ADBF572B668A2400D1A2AB /* AppDelegate.swift in Sources */,
				11ADBF6C2B668B2300D1A2AB /* ListNotesView.swift in Sources */,
				11ADBF752B6696F300D1A2AB /* ListNotesPresenter.swift in Sources */,
				11ADBF592B668A2400D1A2AB /* SceneDelegate.swift in Sources */,
				11ADBF722B66907A00D1A2AB /* ModelStorage.swift in Sources */,
			);
			runOnlyForDeploymentPostprocessing = 0;
		};
/* End PBXSourcesBuildPhase section */

/* Begin PBXVariantGroup section */
		11ADBF5C2B668A2400D1A2AB /* Main.storyboard */ = {
			isa = PBXVariantGroup;
			children = (
				11ADBF5D2B668A2400D1A2AB /* Base */,
			);
			name = Main.storyboard;
			sourceTree = "<group>";
		};
		11ADBF612B668A2700D1A2AB /* LaunchScreen.storyboard */ = {
			isa = PBXVariantGroup;
			children = (
				11ADBF622B668A2700D1A2AB /* Base */,
			);
			name = LaunchScreen.storyboard;
			sourceTree = "<group>";
		};
/* End PBXVariantGroup section */

/* Begin XCBuildConfiguration section */
		11ADBF652B668A2700D1A2AB /* Debug */ = {
			isa = XCBuildConfiguration;
			buildSettings = {
				ALWAYS_SEARCH_USER_PATHS = NO;
				CLANG_ANALYZER_NONNULL = YES;
				CLANG_ANALYZER_NUMBER_OBJECT_CONVERSION = YES_AGGRESSIVE;
				CLANG_CXX_LANGUAGE_STANDARD = "gnu++17";
				CLANG_CXX_LIBRARY = "libc++";
				CLANG_ENABLE_MODULES = YES;
				CLANG_ENABLE_OBJC_ARC = YES;
				CLANG_ENABLE_OBJC_WEAK = YES;
				CLANG_WARN_BLOCK_CAPTURE_AUTORELEASING = YES;
				CLANG_WARN_BOOL_CONVERSION = YES;
				CLANG_WARN_COMMA = YES;
				CLANG_WARN_CONSTANT_CONVERSION = YES;
				CLANG_WARN_DEPRECATED_OBJC_IMPLEMENTATIONS = YES;
				CLANG_WARN_DIRECT_OBJC_ISA_USAGE = YES_ERROR;
				CLANG_WARN_DOCUMENTATION_COMMENTS = YES;
				CLANG_WARN_EMPTY_BODY = YES;
				CLANG_WARN_ENUM_CONVERSION = YES;
				CLANG_WARN_INFINITE_RECURSION = YES;
				CLANG_WARN_INT_CONVERSION = YES;
				CLANG_WARN_NON_LITERAL_NULL_CONVERSION = YES;
				CLANG_WARN_OBJC_IMPLICIT_RETAIN_SELF = YES;
				CLANG_WARN_OBJC_LITERAL_CONVERSION = YES;
				CLANG_WARN_OBJC_ROOT_CLASS = YES_ERROR;
				CLANG_WARN_QUOTED_INCLUDE_IN_FRAMEWORK_HEADER = YES;
				CLANG_WARN_RANGE_LOOP_ANALYSIS = YES;
				CLANG_WARN_STRICT_PROTOTYPES = YES;
				CLANG_WARN_SUSPICIOUS_MOVE = YES;
				CLANG_WARN_UNGUARDED_AVAILABILITY = YES_AGGRESSIVE;
				CLANG_WARN_UNREACHABLE_CODE = YES;
				CLANG_WARN__DUPLICATE_METHOD_MATCH = YES;
				COPY_PHASE_STRIP = NO;
				DEBUG_INFORMATION_FORMAT = dwarf;
				ENABLE_STRICT_OBJC_MSGSEND = YES;
				ENABLE_TESTABILITY = YES;
				GCC_C_LANGUAGE_STANDARD = gnu11;
				GCC_DYNAMIC_NO_PIC = NO;
				GCC_NO_COMMON_BLOCKS = YES;
				GCC_OPTIMIZATION_LEVEL = 0;
				GCC_PREPROCESSOR_DEFINITIONS = (
					"DEBUG=1",
					"$(inherited)",
				);
				GCC_WARN_64_TO_32_BIT_CONVERSION = YES;
				GCC_WARN_ABOUT_RETURN_TYPE = YES_ERROR;
				GCC_WARN_UNDECLARED_SELECTOR = YES;
				GCC_WARN_UNINITIALIZED_AUTOS = YES_AGGRESSIVE;
				GCC_WARN_UNUSED_FUNCTION = YES;
				GCC_WARN_UNUSED_VARIABLE = YES;
				IPHONEOS_DEPLOYMENT_TARGET = 15.2;
				MTL_ENABLE_DEBUG_INFO = INCLUDE_SOURCE;
				MTL_FAST_MATH = YES;
				ONLY_ACTIVE_ARCH = YES;
				SDKROOT = iphoneos;
				SWIFT_ACTIVE_COMPILATION_CONDITIONS = DEBUG;
				SWIFT_OPTIMIZATION_LEVEL = "-Onone";
			};
			name = Debug;
		};
		11ADBF662B668A2700D1A2AB /* Release */ = {
			isa = XCBuildConfiguration;
			buildSettings = {
				ALWAYS_SEARCH_USER_PATHS = NO;
				CLANG_ANALYZER_NONNULL = YES;
				CLANG_ANALYZER_NUMBER_OBJECT_CONVERSION = YES_AGGRESSIVE;
				CLANG_CXX_LANGUAGE_STANDARD = "gnu++17";
				CLANG_CXX_LIBRARY = "libc++";
				CLANG_ENABLE_MODULES = YES;
				CLANG_ENABLE_OBJC_ARC = YES;
				CLANG_ENABLE_OBJC_WEAK = YES;
				CLANG_WARN_BLOCK_CAPTURE_AUTORELEASING = YES;
				CLANG_WARN_BOOL_CONVERSION = YES;
				CLANG_WARN_COMMA = YES;
				CLANG_WARN_CONSTANT_CONVERSION = YES;
				CLANG_WARN_DEPRECATED_OBJC_IMPLEMENTATIONS = YES;
				CLANG_WARN_DIRECT_OBJC_ISA_USAGE = YES_ERROR;
				CLANG_WARN_DOCUMENTATION_COMMENTS = YES;
				CLANG_WARN_EMPTY_BODY = YES;
				CLANG_WARN_ENUM_CONVERSION = YES;
				CLANG_WARN_INFINITE_RECURSION = YES;
				CLANG_WARN_INT_CONVERSION = YES;
				CLANG_WARN_NON_LITERAL_NULL_CONVERSION = YES;
				CLANG_WARN_OBJC_IMPLICIT_RETAIN_SELF = YES;
				CLANG_WARN_OBJC_LITERAL_CONVERSION = YES;
				CLANG_WARN_OBJC_ROOT_CLASS = YES_ERROR;
				CLANG_WARN_QUOTED_INCLUDE_IN_FRAMEWORK_HEADER = YES;
				CLANG_WARN_RANGE_LOOP_ANALYSIS = YES;
				CLANG_WARN_STRICT_PROTOTYPES = YES;
				CLANG_WARN_SUSPICIOUS_MOVE = YES;
				CLANG_WARN_UNGUARDED_AVAILABILITY = YES_AGGRESSIVE;
				CLANG_WARN_UNREACHABLE_CODE = YES;
				CLANG_WARN__DUPLICATE_METHOD_MATCH = YES;
				COPY_PHASE_STRIP = NO;
				DEBUG_INFORMATION_FORMAT = "dwarf-with-dsym";
				ENABLE_NS_ASSERTIONS = NO;
				ENABLE_STRICT_OBJC_MSGSEND = YES;
				GCC_C_LANGUAGE_STANDARD = gnu11;
				GCC_NO_COMMON_BLOCKS = YES;
				GCC_WARN_64_TO_32_BIT_CONVERSION = YES;
				GCC_WARN_ABOUT_RETURN_TYPE = YES_ERROR;
				GCC_WARN_UNDECLARED_SELECTOR = YES;
				GCC_WARN_UNINITIALIZED_AUTOS = YES_AGGRESSIVE;
				GCC_WARN_UNUSED_FUNCTION = YES;
				GCC_WARN_UNUSED_VARIABLE = YES;
				IPHONEOS_DEPLOYMENT_TARGET = 15.2;
				MTL_ENABLE_DEBUG_INFO = NO;
				MTL_FAST_MATH = YES;
				SDKROOT = iphoneos;
				SWIFT_COMPILATION_MODE = wholemodule;
				SWIFT_OPTIMIZATION_LEVEL = "-O";
				VALIDATE_PRODUCT = YES;
			};
			name = Release;
		};
		11ADBF682B668A2700D1A2AB /* Debug */ = {
			isa = XCBuildConfiguration;
			buildSettings = {
				ASSETCATALOG_COMPILER_APPICON_NAME = AppIcon;
				ASSETCATALOG_COMPILER_GLOBAL_ACCENT_COLOR_NAME = AccentColor;
				CODE_SIGN_STYLE = Automatic;
				CURRENT_PROJECT_VERSION = 1;
				GENERATE_INFOPLIST_FILE = YES;
				INFOPLIST_FILE = Shift_trainee/Info.plist;
				INFOPLIST_KEY_UIApplicationSupportsIndirectInputEvents = YES;
				INFOPLIST_KEY_UILaunchStoryboardName = LaunchScreen;
				INFOPLIST_KEY_UIMainStoryboardFile = Main;
				INFOPLIST_KEY_UISupportedInterfaceOrientations_iPad = "UIInterfaceOrientationPortrait UIInterfaceOrientationPortraitUpsideDown UIInterfaceOrientationLandscapeLeft UIInterfaceOrientationLandscapeRight";
				INFOPLIST_KEY_UISupportedInterfaceOrientations_iPhone = "UIInterfaceOrientationPortrait UIInterfaceOrientationLandscapeLeft UIInterfaceOrientationLandscapeRight";
				LD_RUNPATH_SEARCH_PATHS = (
					"$(inherited)",
					"@executable_path/Frameworks",
				);
				MARKETING_VERSION = 1.0;
				PRODUCT_BUNDLE_IDENTIFIER = "com.example.Shift-trainee";
				PRODUCT_NAME = "$(TARGET_NAME)";
				SWIFT_EMIT_LOC_STRINGS = YES;
				SWIFT_VERSION = 5.0;
				TARGETED_DEVICE_FAMILY = "1,2";
			};
			name = Debug;
		};
		11ADBF692B668A2700D1A2AB /* Release */ = {
			isa = XCBuildConfiguration;
			buildSettings = {
				ASSETCATALOG_COMPILER_APPICON_NAME = AppIcon;
				ASSETCATALOG_COMPILER_GLOBAL_ACCENT_COLOR_NAME = AccentColor;
				CODE_SIGN_STYLE = Automatic;
				CURRENT_PROJECT_VERSION = 1;
				GENERATE_INFOPLIST_FILE = YES;
				INFOPLIST_FILE = Shift_trainee/Info.plist;
				INFOPLIST_KEY_UIApplicationSupportsIndirectInputEvents = YES;
				INFOPLIST_KEY_UILaunchStoryboardName = LaunchScreen;
				INFOPLIST_KEY_UIMainStoryboardFile = Main;
				INFOPLIST_KEY_UISupportedInterfaceOrientations_iPad = "UIInterfaceOrientationPortrait UIInterfaceOrientationPortraitUpsideDown UIInterfaceOrientationLandscapeLeft UIInterfaceOrientationLandscapeRight";
				INFOPLIST_KEY_UISupportedInterfaceOrientations_iPhone = "UIInterfaceOrientationPortrait UIInterfaceOrientationLandscapeLeft UIInterfaceOrientationLandscapeRight";
				LD_RUNPATH_SEARCH_PATHS = (
					"$(inherited)",
					"@executable_path/Frameworks",
				);
				MARKETING_VERSION = 1.0;
				PRODUCT_BUNDLE_IDENTIFIER = "com.example.Shift-trainee";
				PRODUCT_NAME = "$(TARGET_NAME)";
				SWIFT_EMIT_LOC_STRINGS = YES;
				SWIFT_VERSION = 5.0;
				TARGETED_DEVICE_FAMILY = "1,2";
			};
			name = Release;
		};
/* End XCBuildConfiguration section */

/* Begin XCConfigurationList section */
		11ADBF4E2B668A2400D1A2AB /* Build configuration list for PBXProject "Shift_trainee" */ = {
			isa = XCConfigurationList;
			buildConfigurations = (
				11ADBF652B668A2700D1A2AB /* Debug */,
				11ADBF662B668A2700D1A2AB /* Release */,
			);
			defaultConfigurationIsVisible = 0;
			defaultConfigurationName = Release;
		};
		11ADBF672B668A2700D1A2AB /* Build configuration list for PBXNativeTarget "Shift_trainee" */ = {
			isa = XCConfigurationList;
			buildConfigurations = (
				11ADBF682B668A2700D1A2AB /* Debug */,
				11ADBF692B668A2700D1A2AB /* Release */,
			);
			defaultConfigurationIsVisible = 0;
			defaultConfigurationName = Release;
		};
/* End XCConfigurationList section */
	};
	rootObject = 11ADBF4B2B668A2400D1A2AB /* Project object */;
}
